
Microsoft Visual Studio Solution File, Format Version 12.00
# Visual Studio 15
VisualStudioVersion = 15.0.28307.757
MinimumVisualStudioVersion = 10.0.40219.1
Project("{8BC9CEB8-8B4A-11D0-8D11-00A0C91BC942}") = "GitHubNotebook", "GitHubNotebook\GitHubNotebook.vcxproj", "{6C4D97C0-9E5E-4E22-BC99-507535C230D1}"
EndProject
Global
	GlobalSection(SolutionConfigurationPlatforms) = preSolution
		Debug|x64 = Debug|x64
		Debug|x86 = Debug|x86
		Release|x64 = Release|x64
		Release|x86 = Release|x86
	EndGlobalSection
	GlobalSection(ProjectConfigurationPlatforms) = postSolution
		{6C4D97C0-9E5E-4E22-BC99-507535C230D1}.Debug|x64.ActiveCfg = Debug|x64
		{6C4D97C0-9E5E-4E22-BC99-507535C230D1}.Debug|x64.Build.0 = Debug|x64
		{6C4D97C0-9E5E-4E22-BC99-507535C230D1}.Debug|x86.ActiveCfg = Debug|Win32
		{6C4D97C0-9E5E-4E22-BC99-507535C230D1}.Debug|x86.Build.0 = Debug|Win32
		{6C4D97C0-9E5E-4E22-BC99-507535C230D1}.Release|x64.ActiveCfg = Release|x64
		{6C4D97C0-9E5E-4E22-BC99-507535C230D1}.Release|x64.Build.0 = Release|x64
		{6C4D97C0-9E5E-4E22-BC99-507535C230D1}.Release|x86.ActiveCfg = Release|Win32
		{6C4D97C0-9E5E-4E22-BC99-507535C230D1}.Release|x86.Build.0 = Release|Win32
	EndGlobalSection
	GlobalSection(SolutionProperties) = preSolution
		HideSolutionNode = FALSE
	EndGlobalSection
	GlobalSection(ExtensibilityGlobals) = postSolution
		SolutionGuid = {5F041C52-E9B6-48B6-AD95-128E56E151DD}
	EndGlobalSection
EndGlobal
